
Microsoft Visual Studio Solution File, Format Version 12.00
# Visual Studio Version 17
VisualStudioVersion = 17.0.31903.59
MinimumVisualStudioVersion = 10.0.40219.1
Project("{FAE04EC0-301F-11D3-BF4B-00C04F79EFBC}") = "Crm.Api", "Crm.Api\Crm.Api.csproj", "{F5E61DFB-1D0F-412F-B99A-CA651EA246C1}"
EndProject
Project("{FAE04EC0-301F-11D3-BF4B-00C04F79EFBC}") = "Crm.Application", "Crm.Application\Crm.Application.csproj", "{73ADCA0E-1E34-9A8A-E0F0-E87F967FD802}"
EndProject
Project("{FAE04EC0-301F-11D3-BF4B-00C04F79EFBC}") = "Crm.Domain", "Crm.Domain\Crm.Domain.csproj", "{EE3E46C7-3706-FC73-63EA-7D11757957A5}"
EndProject
Project("{FAE04EC0-301F-11D3-BF4B-00C04F79EFBC}") = "Crm.Infrastructure", "Crm.Infrastructure\Crm.Infrastructure.csproj", "{8B6983B9-A8ED-E7CA-70E6-CB5657ECB2CA}"
EndProject
Global
	GlobalSection(SolutionConfigurationPlatforms) = preSolution
		Debug|Any CPU = Debug|Any CPU
		Release|Any CPU = Release|Any CPU
	EndGlobalSection
	GlobalSection(ProjectConfigurationPlatforms) = postSolution
		{F5E61DFB-1D0F-412F-B99A-CA651EA246C1}.Debug|Any CPU.ActiveCfg = Debug|Any CPU
		{F5E61DFB-1D0F-412F-B99A-CA651EA246C1}.Debug|Any CPU.Build.0 = Debug|Any CPU
		{F5E61DFB-1D0F-412F-B99A-CA651EA246C1}.Release|Any CPU.ActiveCfg = Release|Any CPU
		{F5E61DFB-1D0F-412F-B99A-CA651EA246C1}.Release|Any CPU.Build.0 = Release|Any CPU
		{73ADCA0E-1E34-9A8A-E0F0-E87F967FD802}.Debug|Any CPU.ActiveCfg = Debug|Any CPU
		{73ADCA0E-1E34-9A8A-E0F0-E87F967FD802}.Debug|Any CPU.Build.0 = Debug|Any CPU
		{73ADCA0E-1E34-9A8A-E0F0-E87F967FD802}.Release|Any CPU.ActiveCfg = Release|Any CPU
		{73ADCA0E-1E34-9A8A-E0F0-E87F967FD802}.Release|Any CPU.Build.0 = Release|Any CPU
		{EE3E46C7-3706-FC73-63EA-7D11757957A5}.Debug|Any CPU.ActiveCfg = Debug|Any CPU
		{EE3E46C7-3706-FC73-63EA-7D11757957A5}.Debug|Any CPU.Build.0 = Debug|Any CPU
		{EE3E46C7-3706-FC73-63EA-7D11757957A5}.Release|Any CPU.ActiveCfg = Release|Any CPU
		{EE3E46C7-3706-FC73-63EA-7D11757957A5}.Release|Any CPU.Build.0 = Release|Any CPU
		{8B6983B9-A8ED-E7CA-70E6-CB5657ECB2CA}.Debug|Any CPU.ActiveCfg = Debug|Any CPU
		{8B6983B9-A8ED-E7CA-70E6-CB5657ECB2CA}.Debug|Any CPU.Build.0 = Debug|Any CPU
		{8B6983B9-A8ED-E7CA-70E6-CB5657ECB2CA}.Release|Any CPU.ActiveCfg = Release|Any CPU
		{8B6983B9-A8ED-E7CA-70E6-CB5657ECB2CA}.Release|Any CPU.Build.0 = Release|Any CPU
	EndGlobalSection
	GlobalSection(SolutionProperties) = preSolution
		HideSolutionNode = FALSE
	EndGlobalSection
	GlobalSection(ExtensibilityGlobals) = postSolution
		SolutionGuid = {7A296C06-39F6-4613-9788-E1E87807A6AC}
	EndGlobalSection
EndGlobal
